{
  "version": 4,
  "terraform_version": "1.14.6",
  "serial": 41,
  "lineage": "4651cfa0-7746-da20-c178-4106ab205e2e",
  "outputs": {},
  "resources": [
    {
      "mode": "managed",
      "type": "local_file",
      "name": "pet",
      "provider": "provider[\"registry.terraform.io/hashicorp/local\"]",
      "instances": [
        {
          "schema_version": 0,
          "attributes": {
            "content": "Neva y Symba",
            "content_base64": null,
            "content_base64sha256": "ooKGlFnedvRuAVRg6aRJ4rrL3kRGPPTHcluK3/ADrtE=",
            "content_base64sha512": "E9KkWJhJAX52R5LYAOAiInEGhtCHvlxgeWmDWPlPsTAxtxQ62fyXv8terL+G8oz4odtEY+a0/gHyoDfDRqwywg==",
            "content_md5": "db87d14ed85d7b95f0bc4d5afdce5eb9",
            "content_sha1": "f0ce7d4d6a6e791e1b872ce275ee021e1251965b",
            "content_sha256": "a282869459de76f46e015460e9a449e2bacbde44463cf4c7725b8adff003aed1",
            "content_sha512": "13d2a4589849017e764792d800e02222710686d087be5c6079698358f94fb13031b7143ad9fc97bfcb5eacbf86f28cf8a1db4463e6b4fe01f2a037c346ac32c2",
            "directory_permission": "0777",
            "file_permission": "0644",
            "filename": "dogs.txt",
            "id": "f0ce7d4d6a6e791e1b872ce275ee021e1251965b",
            "sensitive_content": null,
            "source": null
          },
          "sensitive_attributes": [
            [
              {
                "type": "get_attr",
                "value": "sensitive_content"
              }
            ]
          ],
          "identity_schema_version": 0
        }
      ]
    },
    {
      "mode": "managed",
      "type": "local_sensitive_file",
      "name": "personas",
      "provider": "provider[\"registry.terraform.io/hashicorp/local\"]",
      "instances": [
        {
          "schema_version": 0,
          "attributes": {
            "content": "Aisha y María",
            "content_base64": null,
            "content_base64sha256": "bJRt2SBB0C2iN6fqYuT9OCWI5tSe9GRioR0EI5aMwD4=",
            "content_base64sha512": "QdX+Yy2+8bcYj6rytCTs/yNCtprN67t9m82zhX3CYamaSVMY6M4bN3bTD9S/mXzv6cM0lQeSHI6+GDrxlCAShw==",
            "content_md5": "b191a2e3975056acd600117eee9e0ac8",
            "content_sha1": "955fdd82435a271376e09bb16330c790f0c05a8b",
            "content_sha256": "6c946dd92041d02da237a7ea62e4fd382588e6d49ef46462a11d0423968cc03e",
            "content_sha512": "41d5fe632dbef1b7188faaf2b424ecff2342b69acdebbb7d9bcdb3857dc261a99a495318e8ce1b3776d30fd4bf997cefe9c3349507921c8ebe183af194201287",
            "directory_permission": "0700",
            "file_permission": "0700",
            "filename": "personas.txt",
            "id": "955fdd82435a271376e09bb16330c790f0c05a8b",
            "source": null
          },
          "sensitive_attributes": [
            [
              {
                "type": "get_attr",
                "value": "content"
              }
            ],
            [
              {
                "type": "get_attr",
                "value": "content_base64"
              }
            ]
          ],
          "identity_schema_version": 0
        }
      ]
    },
    {
      "mode": "managed",
      "type": "random_pet",
      "name": "server",
      "provider": "provider[\"registry.terraform.io/hashicorp/random\"]",
      "instances": [
        {
          "schema_version": 0,
          "attributes": {
            "id": "child-mastiff",
            "keepers": null,
            "length": 1,
            "prefix": "child",
            "separator": "-"
          },
          "sensitive_attributes": [],
          "identity_schema_version": 0
        }
      ]
    },
    {
      "mode": "managed",
      "type": "random_shuffle",
      "name": "a",
      "provider": "provider[\"registry.terraform.io/hashicorp/random\"]",
      "instances": [
        {
          "schema_version": 0,
          "attributes": {
            "id": "-",
            "input": [
              "saul",
              "noelia",
              "fran"
            ],
            "keepers": null,
            "result": [
              "noelia",
              "fran",
              "saul"
            ],
            "result_count": null,
            "seed": null
          },
          "sensitive_attributes": [],
          "identity_schema_version": 0
        }
      ]
    }
  ],
  "check_results": null
}
