{
  "version": 4,
  "terraform_version": "1.14.6",
  "serial": 12,
  "lineage": "10c8f31e-bf28-cb26-6aa0-bcffe94bd970",
  "outputs": {},
  "resources": [
    {
      "mode": "managed",
      "type": "local_file",
      "name": "despedida",
      "provider": "provider[\"registry.terraform.io/hashicorp/local\"]",
      "instances": [
        {
          "schema_version": 0,
          "attributes": {
            "content": "Adiós Ms",
            "content_base64": null,
            "content_base64sha256": "4w0CjdWddgCMjvYwg0p+i38LOuPqcwC7OlCQThrJdeY=",
            "content_base64sha512": "TVHjI8EAelq8zYFSSDta2ER8F0dBUdX5Jv+A7Hmk/ioPf7qtQud25a8weIbiABQmERi5/0b14hr5rujWvmyQoA==",
            "content_md5": "761d8a60c247e793f026661d72fe57cc",
            "content_sha1": "ce061b4b15bfe35ce12e72929e311df362ee23eb",
            "content_sha256": "e30d028dd59d76008c8ef630834a7e8b7f0b3ae3ea7300bb3a50904e1ac975e6",
            "content_sha512": "4d51e323c1007a5abccd8152483b5ad8447c17474151d5f926ff80ec79a4fe2a0f7fbaad42e776e5af307886e20014261118b9ff46f5e21af9aee8d6be6c90a0",
            "directory_permission": "0777",
            "file_permission": "0777",
            "filename": "despedida.txt",
            "id": "ce061b4b15bfe35ce12e72929e311df362ee23eb",
            "sensitive_content": null,
            "source": null
          },
          "sensitive_attributes": [
            [
              {
                "type": "get_attr",
                "value": "sensitive_content"
              }
            ]
          ],
          "identity_schema_version": 0
        }
      ]
    },
    {
      "mode": "managed",
      "type": "local_file",
      "name": "random_mascota",
      "provider": "provider[\"registry.terraform.io/hashicorp/local\"]",
      "instances": [
        {
          "schema_version": 0,
          "attributes": {
            "content": "Holasharp-dragon",
            "content_base64": null,
            "content_base64sha256": "RYRSQtyBGgB4gWVjCjwkUrs5gbmV1h/PwQuHgEtJSQg=",
            "content_base64sha512": "ENcAYFj+qWYmCCIHRAiMVsXjjmSf//s5sp8r/oxGxxh7wKl30zFp6diwt4+FHqmMGlQxBxXay5C8fv/I/zZEyQ==",
            "content_md5": "eb2867ed0fdc7284895a4b4bfcd326fc",
            "content_sha1": "675117b0cd2c6e33bd7694c882ac3183b481af12",
            "content_sha256": "45845242dc811a00788165630a3c2452bb3981b995d61fcfc10b87804b494908",
            "content_sha512": "10d7006058fea9662608220744088c56c5e38e649ffffb39b29f2bfe8c46c7187bc0a977d33169e9d8b0b78f851ea98c1a54310715dacb90bc7effc8ff3644c9",
            "directory_permission": "0777",
            "file_permission": "0777",
            "filename": "random_mascota.txt",
            "id": "675117b0cd2c6e33bd7694c882ac3183b481af12",
            "sensitive_content": null,
            "source": null
          },
          "sensitive_attributes": [
            [
              {
                "type": "get_attr",
                "value": "sensitive_content"
              }
            ]
          ],
          "identity_schema_version": 0,
          "dependencies": [
            "random_pet.random"
          ]
        }
      ]
    },
    {
      "mode": "managed",
      "type": "local_file",
      "name": "saludo",
      "provider": "provider[\"registry.terraform.io/hashicorp/local\"]",
      "instances": [
        {
          "schema_version": 0,
          "attributes": {
            "content": "Hola Mr",
            "content_base64": null,
            "content_base64sha256": "7umLnbQWEBTShMkoqHjTamenAjCBCclBC/IdWy0Vefg=",
            "content_base64sha512": "c9VACFr9IOUwiWqoFyzxQFvIBbbW7CJaWWAq/jI4z+omheriknuW3xkuIq1m1GxqMs5lcUYUCXX0vAuogb95MA==",
            "content_md5": "e790d2c602d0cc9622de8d677241770b",
            "content_sha1": "fb0c4e2d9dea42f5d128b21e4cf66fe15d7ba9b1",
            "content_sha256": "eee98b9db4161014d284c928a878d36a67a702308109c9410bf21d5b2d1579f8",
            "content_sha512": "73d540085afd20e530896aa8172cf1405bc805b6d6ec225a59602afe3238cfea2685eae2927b96df192e22ad66d46c6a32ce657146140975f4bc0ba881bf7930",
            "directory_permission": "0777",
            "file_permission": "0777",
            "filename": "saludo.txt",
            "id": "fb0c4e2d9dea42f5d128b21e4cf66fe15d7ba9b1",
            "sensitive_content": null,
            "source": null
          },
          "sensitive_attributes": [
            [
              {
                "type": "get_attr",
                "value": "sensitive_content"
              }
            ]
          ],
          "identity_schema_version": 0
        }
      ]
    },
    {
      "mode": "managed",
      "type": "random_pet",
      "name": "random",
      "provider": "provider[\"registry.terraform.io/hashicorp/random\"]",
      "instances": [
        {
          "schema_version": 0,
          "attributes": {
            "id": "sharp-dragon",
            "keepers": null,
            "length": 2,
            "prefix": null,
            "separator": "-"
          },
          "sensitive_attributes": [],
          "identity_schema_version": 0
        }
      ]
    }
  ],
  "check_results": null
}
